// !$*UTF8*$!
{
	archiveVersion = 1;
	classes = {
	};
	objectVersion = 50;
	objects = {

/* Begin PBXBuildFile section */
		3C8C773F21C0CB43008B3580 /* AppDelegate.swift in Sources */ = {isa = PBXBuildFile; fileRef = 3C8C773E21C0CB43008B3580 /* AppDelegate.swift */; };
		3C8C774121C0CB43008B3580 /* ViewController.swift in Sources */ = {isa = PBXBuildFile; fileRef = 3C8C774021C0CB43008B3580 /* ViewController.swift */; };
		3C8C774421C0CB43008B3580 /* Main.storyboard in Resources */ = {isa = PBXBuildFile; fileRef = 3C8C774221C0CB43008B3580 /* Main.storyboard */; };
		3C8C774721C0CB43008B3580 /* safetracker.xcdatamodeld in Sources */ = {isa = PBXBuildFile; fileRef = 3C8C774521C0CB43008B3580 /* safetracker.xcdatamodeld */; };
		3C8C774921C0CB48008B3580 /* Assets.xcassets in Resources */ = {isa = PBXBuildFile; fileRef = 3C8C774821C0CB48008B3580 /* Assets.xcassets */; };
		3C8C774C21C0CB48008B3580 /* LaunchScreen.storyboard in Resources */ = {isa = PBXBuildFile; fileRef = 3C8C774A21C0CB48008B3580 /* LaunchScreen.storyboard */; };
		3C8C775721C0CB48008B3580 /* safetrackerTests.swift in Sources */ = {isa = PBXBuildFile; fileRef = 3C8C775621C0CB48008B3580 /* safetrackerTests.swift */; };
		3C8C776221C0CB48008B3580 /* safetrackerUITests.swift in Sources */ = {isa = PBXBuildFile; fileRef = 3C8C776121C0CB48008B3580 /* safetrackerUITests.swift */; };
		3C8C777021C0CBB1008B3580 /* appbg.jpg in Resources */ = {isa = PBXBuildFile; fileRef = 3C8C776F21C0CBB1008B3580 /* appbg.jpg */; };
		3CCA953521CB8D8700168B68 /* SecondaryViewController.swift in Sources */ = {isa = PBXBuildFile; fileRef = 3CCA953421CB8D8700168B68 /* SecondaryViewController.swift */; };
		3CCA953721CC153B00168B68 /* VisualViewController.swift in Sources */ = {isa = PBXBuildFile; fileRef = 3CCA953621CC153B00168B68 /* VisualViewController.swift */; };
		3CCA95DD21CC212A00168B68 /* Charts.framework in Frameworks */ = {isa = PBXBuildFile; fileRef = 3CCA95DA21CC210E00168B68 /* Charts.framework */; };
		3CCA95DE21CC212A00168B68 /* Charts.framework in Embed Frameworks */ = {isa = PBXBuildFile; fileRef = 3CCA95DA21CC210E00168B68 /* Charts.framework */; settings = {ATTRIBUTES = (CodeSignOnCopy, RemoveHeadersOnCopy, ); }; };
/* End PBXBuildFile section */

/* Begin PBXContainerItemProxy section */
		3C8C775321C0CB48008B3580 /* PBXContainerItemProxy */ = {
			isa = PBXContainerItemProxy;
			containerPortal = 3C8C773321C0CB43008B3580 /* Project object */;
			proxyType = 1;
			remoteGlobalIDString = 3C8C773A21C0CB43008B3580;
			remoteInfo = safetracker;
		};
		3C8C775E21C0CB48008B3580 /* PBXContainerItemProxy */ = {
			isa = PBXContainerItemProxy;
			containerPortal = 3C8C773321C0CB43008B3580 /* Project object */;
			proxyType = 1;
			remoteGlobalIDString = 3C8C773A21C0CB43008B3580;
			remoteInfo = safetracker;
		};
		3CCA95D921CC210E00168B68 /* PBXContainerItemProxy */ = {
			isa = PBXContainerItemProxy;
			containerPortal = 3CCA95D421CC210E00168B68 /* Charts.xcodeproj */;
			proxyType = 2;
			remoteGlobalIDString = 65AD9E95D9ED4DC0BD73A743;
			remoteInfo = Charts;
		};
		3CCA95DB21CC210E00168B68 /* PBXContainerItemProxy */ = {
			isa = PBXContainerItemProxy;
			containerPortal = 3CCA95D421CC210E00168B68 /* Charts.xcodeproj */;
			proxyType = 2;
			remoteGlobalIDString = 1CBBC58C6CE1EBEE9852CE41;
			remoteInfo = ChartsTests;
		};
		3CCA95DF21CC212B00168B68 /* PBXContainerItemProxy */ = {
			isa = PBXContainerItemProxy;
			containerPortal = 3CCA95D421CC210E00168B68 /* Charts.xcodeproj */;
			proxyType = 1;
			remoteGlobalIDString = A58A4ED274A941CA248EA921;
			remoteInfo = Charts;
		};
/* End PBXContainerItemProxy section */

/* Begin PBXCopyFilesBuildPhase section */
		3CCA95E121CC212B00168B68 /* Embed Frameworks */ = {
			isa = PBXCopyFilesBuildPhase;
			buildActionMask = 2147483647;
			dstPath = "";
			dstSubfolderSpec = 10;
			files = (
				3CCA95DE21CC212A00168B68 /* Charts.framework in Embed Frameworks */,
			);
			name = "Embed Frameworks";
			runOnlyForDeploymentPostprocessing = 0;
		};
/* End PBXCopyFilesBuildPhase section */

/* Begin PBXFileReference section */
		3C7B35B821CB2FBC00AFF52B /* CoreLocation.framework */ = {isa = PBXFileReference; lastKnownFileType = wrapper.framework; name = CoreLocation.framework; path = System/Library/Frameworks/CoreLocation.framework; sourceTree = SDKROOT; };
		3C8C773B21C0CB43008B3580 /* safetracker.app */ = {isa = PBXFileReference; explicitFileType = wrapper.application; includeInIndex = 0; path = safetracker.app; sourceTree = BUILT_PRODUCTS_DIR; };
		3C8C773E21C0CB43008B3580 /* AppDelegate.swift */ = {isa = PBXFileReference; lastKnownFileType = sourcecode.swift; path = AppDelegate.swift; sourceTree = "<group>"; };
		3C8C774021C0CB43008B3580 /* ViewController.swift */ = {isa = PBXFileReference; lastKnownFileType = sourcecode.swift; path = ViewController.swift; sourceTree = "<group>"; };
		3C8C774321C0CB43008B3580 /* Base */ = {isa = PBXFileReference; lastKnownFileType = file.storyboard; name = Base; path = Base.lproj/Main.storyboard; sourceTree = "<group>"; };
		3C8C774621C0CB43008B3580 /* safetracker.xcdatamodel */ = {isa = PBXFileReference; lastKnownFileType = wrapper.xcdatamodel; path = safetracker.xcdatamodel; sourceTree = "<group>"; };
		3C8C774821C0CB48008B3580 /* Assets.xcassets */ = {isa = PBXFileReference; lastKnownFileType = folder.assetcatalog; path = Assets.xcassets; sourceTree = "<group>"; };
		3C8C774B21C0CB48008B3580 /* Base */ = {isa = PBXFileReference; lastKnownFileType = file.storyboard; name = Base; path = Base.lproj/LaunchScreen.storyboard; sourceTree = "<group>"; };
		3C8C774D21C0CB48008B3580 /* Info.plist */ = {isa = PBXFileReference; lastKnownFileType = text.plist.xml; path = Info.plist; sourceTree = "<group>"; };
		3C8C775221C0CB48008B3580 /* safetrackerTests.xctest */ = {isa = PBXFileReference; explicitFileType = wrapper.cfbundle; includeInIndex = 0; path = safetrackerTests.xctest; sourceTree = BUILT_PRODUCTS_DIR; };
		3C8C775621C0CB48008B3580 /* safetrackerTests.swift */ = {isa = PBXFileReference; lastKnownFileType = sourcecode.swift; path = safetrackerTests.swift; sourceTree = "<group>"; };
		3C8C775821C0CB48008B3580 /* Info.plist */ = {isa = PBXFileReference; lastKnownFileType = text.plist.xml; path = Info.plist; sourceTree = "<group>"; };
		3C8C775D21C0CB48008B3580 /* safetrackerUITests.xctest */ = {isa = PBXFileReference; explicitFileType = wrapper.cfbundle; includeInIndex = 0; path = safetrackerUITests.xctest; sourceTree = BUILT_PRODUCTS_DIR; };
		3C8C776121C0CB48008B3580 /* safetrackerUITests.swift */ = {isa = PBXFileReference; lastKnownFileType = sourcecode.swift; path = safetrackerUITests.swift; sourceTree = "<group>"; };
		3C8C776321C0CB48008B3580 /* Info.plist */ = {isa = PBXFileReference; lastKnownFileType = text.plist.xml; path = Info.plist; sourceTree = "<group>"; };
		3C8C776F21C0CBB1008B3580 /* appbg.jpg */ = {isa = PBXFileReference; lastKnownFileType = image.jpeg; path = appbg.jpg; sourceTree = "<group>"; };
		3CCA953421CB8D8700168B68 /* SecondaryViewController.swift */ = {isa = PBXFileReference; lastKnownFileType = sourcecode.swift; path = SecondaryViewController.swift; sourceTree = "<group>"; };
		3CCA953621CC153B00168B68 /* VisualViewController.swift */ = {isa = PBXFileReference; lastKnownFileType = sourcecode.swift; path = VisualViewController.swift; sourceTree = "<group>"; };
		3CCA95D421CC210E00168B68 /* Charts.xcodeproj */ = {isa = PBXFileReference; lastKnownFileType = "wrapper.pb-project"; name = Charts.xcodeproj; path = "../../../Downloads/Charts-master/Charts.xcodeproj"; sourceTree = "<group>"; };
/* End PBXFileReference section */

/* Begin PBXFrameworksBuildPhase section */
		3C8C773821C0CB43008B3580 /* Frameworks */ = {
			isa = PBXFrameworksBuildPhase;
			buildActionMask = 2147483647;
			files = (
				3CCA95DD21CC212A00168B68 /* Charts.framework in Frameworks */,
			);
			runOnlyForDeploymentPostprocessing = 0;
		};
		3C8C774F21C0CB48008B3580 /* Frameworks */ = {
			isa = PBXFrameworksBuildPhase;
			buildActionMask = 2147483647;
			files = (
			);
			runOnlyForDeploymentPostprocessing = 0;
		};
		3C8C775A21C0CB48008B3580 /* Frameworks */ = {
			isa = PBXFrameworksBuildPhase;
			buildActionMask = 2147483647;
			files = (
			);
			runOnlyForDeploymentPostprocessing = 0;
		};
/* End PBXFrameworksBuildPhase section */

/* Begin PBXGroup section */
		3C7B35B721CB2FBC00AFF52B /* Frameworks */ = {
			isa = PBXGroup;
			children = (
				3C7B35B821CB2FBC00AFF52B /* CoreLocation.framework */,
			);
			name = Frameworks;
			sourceTree = "<group>";
		};
		3C8C773221C0CB43008B3580 = {
			isa = PBXGroup;
			children = (
				3CCA95D421CC210E00168B68 /* Charts.xcodeproj */,
				3C8C773D21C0CB43008B3580 /* safetracker */,
				3C8C775521C0CB48008B3580 /* safetrackerTests */,
				3C8C776021C0CB48008B3580 /* safetrackerUITests */,
				3C8C773C21C0CB43008B3580 /* Products */,
				3C7B35B721CB2FBC00AFF52B /* Frameworks */,
			);
			sourceTree = "<group>";
		};
		3C8C773C21C0CB43008B3580 /* Products */ = {
			isa = PBXGroup;
			children = (
				3C8C773B21C0CB43008B3580 /* safetracker.app */,
				3C8C775221C0CB48008B3580 /* safetrackerTests.xctest */,
				3C8C775D21C0CB48008B3580 /* safetrackerUITests.xctest */,
			);
			name = Products;
			sourceTree = "<group>";
		};
		3C8C773D21C0CB43008B3580 /* safetracker */ = {
			isa = PBXGroup;
			children = (
				3C8C773E21C0CB43008B3580 /* AppDelegate.swift */,
				3C8C774021C0CB43008B3580 /* ViewController.swift */,
				3C8C774221C0CB43008B3580 /* Main.storyboard */,
				3C8C774821C0CB48008B3580 /* Assets.xcassets */,
				3C8C776F21C0CBB1008B3580 /* appbg.jpg */,
				3C8C774A21C0CB48008B3580 /* LaunchScreen.storyboard */,
				3C8C774D21C0CB48008B3580 /* Info.plist */,
				3C8C774521C0CB43008B3580 /* safetracker.xcdatamodeld */,
				3CCA953421CB8D8700168B68 /* SecondaryViewController.swift */,
				3CCA953621CC153B00168B68 /* VisualViewController.swift */,
			);
			path = safetracker;
			sourceTree = "<group>";
		};
		3C8C775521C0CB48008B3580 /* safetrackerTests */ = {
			isa = PBXGroup;
			children = (
				3C8C775621C0CB48008B3580 /* safetrackerTests.swift */,
				3C8C775821C0CB48008B3580 /* Info.plist */,
			);
			path = safetrackerTests;
			sourceTree = "<group>";
		};
		3C8C776021C0CB48008B3580 /* safetrackerUITests */ = {
			isa = PBXGroup;
			children = (
				3C8C776121C0CB48008B3580 /* safetrackerUITests.swift */,
				3C8C776321C0CB48008B3580 /* Info.plist */,
			);
			path = safetrackerUITests;
			sourceTree = "<group>";
		};
		3CCA95D521CC210E00168B68 /* Products */ = {
			isa = PBXGroup;
			children = (
				3CCA95DA21CC210E00168B68 /* Charts.framework */,
				3CCA95DC21CC210E00168B68 /* ChartsTests.xctest */,
			);
			name = Products;
			sourceTree = "<group>";
		};
/* End PBXGroup section */

/* Begin PBXNativeTarget section */
		3C8C773A21C0CB43008B3580 /* safetracker */ = {
			isa = PBXNativeTarget;
			buildConfigurationList = 3C8C776621C0CB48008B3580 /* Build configuration list for PBXNativeTarget "safetracker" */;
			buildPhases = (
				3C8C773721C0CB43008B3580 /* Sources */,
				3C8C773821C0CB43008B3580 /* Frameworks */,
				3C8C773921C0CB43008B3580 /* Resources */,
				3CCA95E121CC212B00168B68 /* Embed Frameworks */,
			);
			buildRules = (
			);
			dependencies = (
				3CCA95E021CC212B00168B68 /* PBXTargetDependency */,
			);
			name = safetracker;
			productName = safetracker;
			productReference = 3C8C773B21C0CB43008B3580 /* safetracker.app */;
			productType = "com.apple.product-type.application";
		};
		3C8C775121C0CB48008B3580 /* safetrackerTests */ = {
			isa = PBXNativeTarget;
			buildConfigurationList = 3C8C776921C0CB48008B3580 /* Build configuration list for PBXNativeTarget "safetrackerTests" */;
			buildPhases = (
				3C8C774E21C0CB48008B3580 /* Sources */,
				3C8C774F21C0CB48008B3580 /* Frameworks */,
				3C8C775021C0CB48008B3580 /* Resources */,
			);
			buildRules = (
			);
			dependencies = (
				3C8C775421C0CB48008B3580 /* PBXTargetDependency */,
			);
			name = safetrackerTests;
			productName = safetrackerTests;
			productReference = 3C8C775221C0CB48008B3580 /* safetrackerTests.xctest */;
			productType = "com.apple.product-type.bundle.unit-test";
		};
		3C8C775C21C0CB48008B3580 /* safetrackerUITests */ = {
			isa = PBXNativeTarget;
			buildConfigurationList = 3C8C776C21C0CB48008B3580 /* Build configuration list for PBXNativeTarget "safetrackerUITests" */;
			buildPhases = (
				3C8C775921C0CB48008B3580 /* Sources */,
				3C8C775A21C0CB48008B3580 /* Frameworks */,
				3C8C775B21C0CB48008B3580 /* Resources */,
			);
			buildRules = (
			);
			dependencies = (
				3C8C775F21C0CB48008B3580 /* PBXTargetDependency */,
			);
			name = safetrackerUITests;
			productName = safetrackerUITests;
			productReference = 3C8C775D21C0CB48008B3580 /* safetrackerUITests.xctest */;
			productType = "com.apple.product-type.bundle.ui-testing";
		};
/* End PBXNativeTarget section */

/* Begin PBXProject section */
		3C8C773321C0CB43008B3580 /* Project object */ = {
			isa = PBXProject;
			attributes = {
				LastSwiftUpdateCheck = 1000;
				LastUpgradeCheck = 1000;
				ORGANIZATIONNAME = "Rohit Dsouza";
				TargetAttributes = {
					3C8C773A21C0CB43008B3580 = {
						CreatedOnToolsVersion = 10.0;
						SystemCapabilities = {
							com.apple.Maps.iOS = {
								enabled = 0;
							};
						};
					};
					3C8C775121C0CB48008B3580 = {
						CreatedOnToolsVersion = 10.0;
						TestTargetID = 3C8C773A21C0CB43008B3580;
					};
					3C8C775C21C0CB48008B3580 = {
						CreatedOnToolsVersion = 10.0;
						TestTargetID = 3C8C773A21C0CB43008B3580;
					};
				};
			};
			buildConfigurationList = 3C8C773621C0CB43008B3580 /* Build configuration list for PBXProject "safetracker" */;
			compatibilityVersion = "Xcode 9.3";
			developmentRegion = en;
			hasScannedForEncodings = 0;
			knownRegions = (
				en,
				Base,
			);
			mainGroup = 3C8C773221C0CB43008B3580;
			productRefGroup = 3C8C773C21C0CB43008B3580 /* Products */;
			projectDirPath = "";
			projectReferences = (
				{
					ProductGroup = 3CCA95D521CC210E00168B68 /* Products */;
					ProjectRef = 3CCA95D421CC210E00168B68 /* Charts.xcodeproj */;
				},
			);
			projectRoot = "";
			targets = (
				3C8C773A21C0CB43008B3580 /* safetracker */,
				3C8C775121C0CB48008B3580 /* safetrackerTests */,
				3C8C775C21C0CB48008B3580 /* safetrackerUITests */,
			);
		};
/* End PBXProject section */

/* Begin PBXReferenceProxy section */
		3CCA95DA21CC210E00168B68 /* Charts.framework */ = {
			isa = PBXReferenceProxy;
			fileType = wrapper.framework;
			path = Charts.framework;
			remoteRef = 3CCA95D921CC210E00168B68 /* PBXContainerItemProxy */;
			sourceTree = BUILT_PRODUCTS_DIR;
		};
		3CCA95DC21CC210E00168B68 /* ChartsTests.xctest */ = {
			isa = PBXReferenceProxy;
			fileType = wrapper.cfbundle;
			path = ChartsTests.xctest;
			remoteRef = 3CCA95DB21CC210E00168B68 /* PBXContainerItemProxy */;
			sourceTree = BUILT_PRODUCTS_DIR;
		};
/* End PBXReferenceProxy section */

/* Begin PBXResourcesBuildPhase section */
		3C8C773921C0CB43008B3580 /* Resources */ = {
			isa = PBXResourcesBuildPhase;
			buildActionMask = 2147483647;
			files = (
				3C8C774C21C0CB48008B3580 /* LaunchScreen.storyboard in Resources */,
				3C8C774921C0CB48008B3580 /* Assets.xcassets in Resources */,
				3C8C777021C0CBB1008B3580 /* appbg.jpg in Resources */,
				3C8C774421C0CB43008B3580 /* Main.storyboard in Resources */,
			);
			runOnlyForDeploymentPostprocessing = 0;
		};
		3C8C775021C0CB48008B3580 /* Resources */ = {
			isa = PBXResourcesBuildPhase;
			buildActionMask = 2147483647;
			files = (
			);
			runOnlyForDeploymentPostprocessing = 0;
		};
		3C8C775B21C0CB48008B3580 /* Resources */ = {
			isa = PBXResourcesBuildPhase;
			buildActionMask = 2147483647;
			files = (
			);
			runOnlyForDeploymentPostprocessing = 0;
		};
/* End PBXResourcesBuildPhase section */

/* Begin PBXSourcesBuildPhase section */
		3C8C773721C0CB43008B3580 /* Sources */ = {
			isa = PBXSourcesBuildPhase;
			buildActionMask = 2147483647;
			files = (
				3CCA953721CC153B00168B68 /* VisualViewController.swift in Sources */,
				3C8C774121C0CB43008B3580 /* ViewController.swift in Sources */,
				3C8C773F21C0CB43008B3580 /* AppDelegate.swift in Sources */,
				3C8C774721C0CB43008B3580 /* safetracker.xcdatamodeld in Sources */,
				3CCA953521CB8D8700168B68 /* SecondaryViewController.swift in Sources */,
			);
			runOnlyForDeploymentPostprocessing = 0;
		};
		3C8C774E21C0CB48008B3580 /* Sources */ = {
			isa = PBXSourcesBuildPhase;
			buildActionMask = 2147483647;
			files = (
				3C8C775721C0CB48008B3580 /* safetrackerTests.swift in Sources */,
			);
			runOnlyForDeploymentPostprocessing = 0;
		};
		3C8C775921C0CB48008B3580 /* Sources */ = {
			isa = PBXSourcesBuildPhase;
			buildActionMask = 2147483647;
			files = (
				3C8C776221C0CB48008B3580 /* safetrackerUITests.swift in Sources */,
			);
			runOnlyForDeploymentPostprocessing = 0;
		};
/* End PBXSourcesBuildPhase section */

/* Begin PBXTargetDependency section */
		3C8C775421C0CB48008B3580 /* PBXTargetDependency */ = {
			isa = PBXTargetDependency;
			target = 3C8C773A21C0CB43008B3580 /* safetracker */;
			targetProxy = 3C8C775321C0CB48008B3580 /* PBXContainerItemProxy */;
		};
		3C8C775F21C0CB48008B3580 /* PBXTargetDependency */ = {
			isa = PBXTargetDependency;
			target = 3C8C773A21C0CB43008B3580 /* safetracker */;
			targetProxy = 3C8C775E21C0CB48008B3580 /* PBXContainerItemProxy */;
		};
		3CCA95E021CC212B00168B68 /* PBXTargetDependency */ = {
			isa = PBXTargetDependency;
			name = Charts;
			targetProxy = 3CCA95DF21CC212B00168B68 /* PBXContainerItemProxy */;
		};
/* End PBXTargetDependency section */

/* Begin PBXVariantGroup section */
		3C8C774221C0CB43008B3580 /* Main.storyboard */ = {
			isa = PBXVariantGroup;
			children = (
				3C8C774321C0CB43008B3580 /* Base */,
			);
			name = Main.storyboard;
			sourceTree = "<group>";
		};
		3C8C774A21C0CB48008B3580 /* LaunchScreen.storyboard */ = {
			isa = PBXVariantGroup;
			children = (
				3C8C774B21C0CB48008B3580 /* Base */,
			);
			name = LaunchScreen.storyboard;
			sourceTree = "<group>";
		};
/* End PBXVariantGroup section */

/* Begin XCBuildConfiguration section */
		3C8C776421C0CB48008B3580 /* Debug */ = {
			isa = XCBuildConfiguration;
			buildSettings = {
				ALWAYS_SEARCH_USER_PATHS = NO;
				CLANG_ANALYZER_NONNULL = YES;
				CLANG_ANALYZER_NUMBER_OBJECT_CONVERSION = YES_AGGRESSIVE;
				CLANG_CXX_LANGUAGE_STANDARD = "gnu++14";
				CLANG_CXX_LIBRARY = "libc++";
				CLANG_ENABLE_MODULES = YES;
				CLANG_ENABLE_OBJC_ARC = YES;
				CLANG_ENABLE_OBJC_WEAK = YES;
				CLANG_WARN_BLOCK_CAPTURE_AUTORELEASING = YES;
				CLANG_WARN_BOOL_CONVERSION = YES;
				CLANG_WARN_COMMA = YES;
				CLANG_WARN_CONSTANT_CONVERSION = YES;
				CLANG_WARN_DEPRECATED_OBJC_IMPLEMENTATIONS = YES;
				CLANG_WARN_DIRECT_OBJC_ISA_USAGE = YES_ERROR;
				CLANG_WARN_DOCUMENTATION_COMMENTS = YES;
				CLANG_WARN_EMPTY_BODY = YES;
				CLANG_WARN_ENUM_CONVERSION = YES;
				CLANG_WARN_INFINITE_RECURSION = YES;
				CLANG_WARN_INT_CONVERSION = YES;
				CLANG_WARN_NON_LITERAL_NULL_CONVERSION = YES;
				CLANG_WARN_OBJC_IMPLICIT_RETAIN_SELF = YES;
				CLANG_WARN_OBJC_LITERAL_CONVERSION = YES;
				CLANG_WARN_OBJC_ROOT_CLASS = YES_ERROR;
				CLANG_WARN_RANGE_LOOP_ANALYSIS = YES;
				CLANG_WARN_STRICT_PROTOTYPES = YES;
				CLANG_WARN_SUSPICIOUS_MOVE = YES;
				CLANG_WARN_UNGUARDED_AVAILABILITY = YES_AGGRESSIVE;
				CLANG_WARN_UNREACHABLE_CODE = YES;
				CLANG_WARN__DUPLICATE_METHOD_MATCH = YES;
				CODE_SIGN_IDENTITY = "iPhone Developer";
				COPY_PHASE_STRIP = NO;
				DEBUG_INFORMATION_FORMAT = dwarf;
				ENABLE_STRICT_OBJC_MSGSEND = YES;
				ENABLE_TESTABILITY = YES;
				GCC_C_LANGUAGE_STANDARD = gnu11;
				GCC_DYNAMIC_NO_PIC = NO;
				GCC_NO_COMMON_BLOCKS = YES;
				GCC_OPTIMIZATION_LEVEL = 0;
				GCC_PREPROCESSOR_DEFINITIONS = (
					"DEBUG=1",
					"$(inherited)",
				);
				GCC_WARN_64_TO_32_BIT_CONVERSION = YES;
				GCC_WARN_ABOUT_RETURN_TYPE = YES_ERROR;
				GCC_WARN_UNDECLARED_SELECTOR = YES;
				GCC_WARN_UNINITIALIZED_AUTOS = YES_AGGRESSIVE;
				GCC_WARN_UNUSED_FUNCTION = YES;
				GCC_WARN_UNUSED_VARIABLE = YES;
				IPHONEOS_DEPLOYMENT_TARGET = 12.0;
				MTL_ENABLE_DEBUG_INFO = INCLUDE_SOURCE;
				MTL_FAST_MATH = YES;
				ONLY_ACTIVE_ARCH = YES;
				SDKROOT = iphoneos;
				SWIFT_ACTIVE_COMPILATION_CONDITIONS = DEBUG;
				SWIFT_OPTIMIZATION_LEVEL = "-Onone";
			};
			name = Debug;
		};
		3C8C776521C0CB48008B3580 /* Release */ = {
			isa = XCBuildConfiguration;
			buildSettings = {
				ALWAYS_SEARCH_USER_PATHS = NO;
				CLANG_ANALYZER_NONNULL = YES;
				CLANG_ANALYZER_NUMBER_OBJECT_CONVERSION = YES_AGGRESSIVE;
				CLANG_CXX_LANGUAGE_STANDARD = "gnu++14";
				CLANG_CXX_LIBRARY = "libc++";
				CLANG_ENABLE_MODULES = YES;
				CLANG_ENABLE_OBJC_ARC = YES;
				CLANG_ENABLE_OBJC_WEAK = YES;
				CLANG_WARN_BLOCK_CAPTURE_AUTORELEASING = YES;
				CLANG_WARN_BOOL_CONVERSION = YES;
				CLANG_WARN_COMMA = YES;
				CLANG_WARN_CONSTANT_CONVERSION = YES;
				CLANG_WARN_DEPRECATED_OBJC_IMPLEMENTATIONS = YES;
				CLANG_WARN_DIRECT_OBJC_ISA_USAGE = YES_ERROR;
				CLANG_WARN_DOCUMENTATION_COMMENTS = YES;
				CLANG_WARN_EMPTY_BODY = YES;
				CLANG_WARN_ENUM_CONVERSION = YES;
				CLANG_WARN_INFINITE_RECURSION = YES;
				CLANG_WARN_INT_CONVERSION = YES;
				CLANG_WARN_NON_LITERAL_NULL_CONVERSION = YES;
				CLANG_WARN_OBJC_IMPLICIT_RETAIN_SELF = YES;
				CLANG_WARN_OBJC_LITERAL_CONVERSION = YES;
				CLANG_WARN_OBJC_ROOT_CLASS = YES_ERROR;
				CLANG_WARN_RANGE_LOOP_ANALYSIS = YES;
				CLANG_WARN_STRICT_PROTOTYPES = YES;
				CLANG_WARN_SUSPICIOUS_MOVE = YES;
				CLANG_WARN_UNGUARDED_AVAILABILITY = YES_AGGRESSIVE;
				CLANG_WARN_UNREACHABLE_CODE = YES;
				CLANG_WARN__DUPLICATE_METHOD_MATCH = YES;
				CODE_SIGN_IDENTITY = "iPhone Developer";
				COPY_PHASE_STRIP = NO;
				DEBUG_INFORMATION_FORMAT = "dwarf-with-dsym";
				ENABLE_NS_ASSERTIONS = NO;
				ENABLE_STRICT_OBJC_MSGSEND = YES;
				GCC_C_LANGUAGE_STANDARD = gnu11;
				GCC_NO_COMMON_BLOCKS = YES;
				GCC_WARN_64_TO_32_BIT_CONVERSION = YES;
				GCC_WARN_ABOUT_RETURN_TYPE = YES_ERROR;
				GCC_WARN_UNDECLARED_SELECTOR = YES;
				GCC_WARN_UNINITIALIZED_AUTOS = YES_AGGRESSIVE;
				GCC_WARN_UNUSED_FUNCTION = YES;
				GCC_WARN_UNUSED_VARIABLE = YES;
				IPHONEOS_DEPLOYMENT_TARGET = 12.0;
				MTL_ENABLE_DEBUG_INFO = NO;
				MTL_FAST_MATH = YES;
				SDKROOT = iphoneos;
				SWIFT_COMPILATION_MODE = wholemodule;
				SWIFT_OPTIMIZATION_LEVEL = "-O";
				VALIDATE_PRODUCT = YES;
			};
			name = Release;
		};
		3C8C776721C0CB48008B3580 /* Debug */ = {
			isa = XCBuildConfiguration;
			buildSettings = {
				ALWAYS_EMBED_SWIFT_STANDARD_LIBRARIES = YES;
				ASSETCATALOG_COMPILER_APPICON_NAME = AppIcon;
				CODE_SIGN_IDENTITY = "iPhone Developer";
				CODE_SIGN_STYLE = Automatic;
				DEVELOPMENT_TEAM = 9DHASR3RQY;
				INFOPLIST_FILE = safetracker/Info.plist;
				LD_RUNPATH_SEARCH_PATHS = (
					"$(inherited)",
					"@executable_path/Frameworks",
				);
				PRODUCT_BUNDLE_IDENTIFIER = com.rohitdsouza.safetracker;
				PRODUCT_NAME = "$(TARGET_NAME)";
				PROVISIONING_PROFILE_SPECIFIER = "";
				SWIFT_VERSION = 4.2;
				TARGETED_DEVICE_FAMILY = "1,2";
			};
			name = Debug;
		};
		3C8C776821C0CB48008B3580 /* Release */ = {
			isa = XCBuildConfiguration;
			buildSettings = {
				ALWAYS_EMBED_SWIFT_STANDARD_LIBRARIES = YES;
				ASSETCATALOG_COMPILER_APPICON_NAME = AppIcon;
				CODE_SIGN_IDENTITY = "iPhone Developer";
				CODE_SIGN_STYLE = Automatic;
				DEVELOPMENT_TEAM = 9DHASR3RQY;
				INFOPLIST_FILE = safetracker/Info.plist;
				LD_RUNPATH_SEARCH_PATHS = (
					"$(inherited)",
					"@executable_path/Frameworks",
				);
				PRODUCT_BUNDLE_IDENTIFIER = com.rohitdsouza.safetracker;
				PRODUCT_NAME = "$(TARGET_NAME)";
				PROVISIONING_PROFILE_SPECIFIER = "";
				SWIFT_VERSION = 4.2;
				TARGETED_DEVICE_FAMILY = "1,2";
			};
			name = Release;
		};
		3C8C776A21C0CB48008B3580 /* Debug */ = {
			isa = XCBuildConfiguration;
			buildSettings = {
				ALWAYS_EMBED_SWIFT_STANDARD_LIBRARIES = YES;
				BUNDLE_LOADER = "$(TEST_HOST)";
				CODE_SIGN_STYLE = Automatic;
				INFOPLIST_FILE = safetrackerTests/Info.plist;
				LD_RUNPATH_SEARCH_PATHS = (
					"$(inherited)",
					"@executable_path/Frameworks",
					"@loader_path/Frameworks",
				);
				PRODUCT_BUNDLE_IDENTIFIER = com.rohitdsouza.safetrackerTests;
				PRODUCT_NAME = "$(TARGET_NAME)";
				SWIFT_VERSION = 4.2;
				TARGETED_DEVICE_FAMILY = "1,2";
				TEST_HOST = "$(BUILT_PRODUCTS_DIR)/safetracker.app/safetracker";
			};
			name = Debug;
		};
		3C8C776B21C0CB48008B3580 /* Release */ = {
			isa = XCBuildConfiguration;
			buildSettings = {
				ALWAYS_EMBED_SWIFT_STANDARD_LIBRARIES = YES;
				BUNDLE_LOADER = "$(TEST_HOST)";
				CODE_SIGN_STYLE = Automatic;
				INFOPLIST_FILE = safetrackerTests/Info.plist;
				LD_RUNPATH_SEARCH_PATHS = (
					"$(inherited)",
					"@executable_path/Frameworks",
					"@loader_path/Frameworks",
				);
				PRODUCT_BUNDLE_IDENTIFIER = com.rohitdsouza.safetrackerTests;
				PRODUCT_NAME = "$(TARGET_NAME)";
				SWIFT_VERSION = 4.2;
				TARGETED_DEVICE_FAMILY = "1,2";
				TEST_HOST = "$(BUILT_PRODUCTS_DIR)/safetracker.app/safetracker";
			};
			name = Release;
		};
		3C8C776D21C0CB48008B3580 /* Debug */ = {
			isa = XCBuildConfiguration;
			buildSettings = {
				ALWAYS_EMBED_SWIFT_STANDARD_LIBRARIES = YES;
				CODE_SIGN_STYLE = Automatic;
				INFOPLIST_FILE = safetrackerUITests/Info.plist;
				LD_RUNPATH_SEARCH_PATHS = (
					"$(inherited)",
					"@executable_path/Frameworks",
					"@loader_path/Frameworks",
				);
				PRODUCT_BUNDLE_IDENTIFIER = com.rohitdsouza.safetrackerUITests;
				PRODUCT_NAME = "$(TARGET_NAME)";
				SWIFT_VERSION = 4.2;
				TARGETED_DEVICE_FAMILY = "1,2";
				TEST_TARGET_NAME = safetracker;
			};
			name = Debug;
		};
		3C8C776E21C0CB48008B3580 /* Release */ = {
			isa = XCBuildConfiguration;
			buildSettings = {
				ALWAYS_EMBED_SWIFT_STANDARD_LIBRARIES = YES;
				CODE_SIGN_STYLE = Automatic;
				INFOPLIST_FILE = safetrackerUITests/Info.plist;
				LD_RUNPATH_SEARCH_PATHS = (
					"$(inherited)",
					"@executable_path/Frameworks",
					"@loader_path/Frameworks",
				);
				PRODUCT_BUNDLE_IDENTIFIER = com.rohitdsouza.safetrackerUITests;
				PRODUCT_NAME = "$(TARGET_NAME)";
				SWIFT_VERSION = 4.2;
				TARGETED_DEVICE_FAMILY = "1,2";
				TEST_TARGET_NAME = safetracker;
			};
			name = Release;
		};
/* End XCBuildConfiguration section */

/* Begin XCConfigurationList section */
		3C8C773621C0CB43008B3580 /* Build configuration list for PBXProject "safetracker" */ = {
			isa = XCConfigurationList;
			buildConfigurations = (
				3C8C776421C0CB48008B3580 /* Debug */,
				3C8C776521C0CB48008B3580 /* Release */,
			);
			defaultConfigurationIsVisible = 0;
			defaultConfigurationName = Release;
		};
		3C8C776621C0CB48008B3580 /* Build configuration list for PBXNativeTarget "safetracker" */ = {
			isa = XCConfigurationList;
			buildConfigurations = (
				3C8C776721C0CB48008B3580 /* Debug */,
				3C8C776821C0CB48008B3580 /* Release */,
			);
			defaultConfigurationIsVisible = 0;
			defaultConfigurationName = Release;
		};
		3C8C776921C0CB48008B3580 /* Build configuration list for PBXNativeTarget "safetrackerTests" */ = {
			isa = XCConfigurationList;
			buildConfigurations = (
				3C8C776A21C0CB48008B3580 /* Debug */,
				3C8C776B21C0CB48008B3580 /* Release */,
			);
			defaultConfigurationIsVisible = 0;
			defaultConfigurationName = Release;
		};
		3C8C776C21C0CB48008B3580 /* Build configuration list for PBXNativeTarget "safetrackerUITests" */ = {
			isa = XCConfigurationList;
			buildConfigurations = (
				3C8C776D21C0CB48008B3580 /* Debug */,
				3C8C776E21C0CB48008B3580 /* Release */,
			);
			defaultConfigurationIsVisible = 0;
			defaultConfigurationName = Release;
		};
/* End XCConfigurationList section */

/* Begin XCVersionGroup section */
		3C8C774521C0CB43008B3580 /* safetracker.xcdatamodeld */ = {
			isa = XCVersionGroup;
			children = (
				3C8C774621C0CB43008B3580 /* safetracker.xcdatamodel */,
			);
			currentVersion = 3C8C774621C0CB43008B3580 /* safetracker.xcdatamodel */;
			path = safetracker.xcdatamodeld;
			sourceTree = "<group>";
			versionGroupType = wrapper.xcdatamodel;
		};
/* End XCVersionGroup section */
	};
	rootObject = 3C8C773321C0CB43008B3580 /* Project object */;
}
